
Microsoft Visual Studio Solution File, Format Version 12.00
# Visual Studio Version 17
VisualStudioVersion = 17.8.34330.188
MinimumVisualStudioVersion = 10.0.40219.1
Project("{FAE04EC0-301F-11D3-BF4B-00C04F79EFBC}") = "ChatApplication", "ChatApplication\ChatApplication.csproj", "{4C47BAB2-EE04-41F1-8FEC-1DAC58B0EE8A}"
EndProject
Global
	GlobalSection(SolutionConfigurationPlatforms) = preSolution
		Debug|Any CPU = Debug|Any CPU
		Release|Any CPU = Release|Any CPU
	EndGlobalSection
	GlobalSection(ProjectConfigurationPlatforms) = postSolution
		{4C47BAB2-EE04-41F1-8FEC-1DAC58B0EE8A}.Debug|Any CPU.ActiveCfg = Debug|Any CPU
		{4C47BAB2-EE04-41F1-8FEC-1DAC58B0EE8A}.Debug|Any CPU.Build.0 = Debug|Any CPU
		{4C47BAB2-EE04-41F1-8FEC-1DAC58B0EE8A}.Release|Any CPU.ActiveCfg = Release|Any CPU
		{4C47BAB2-EE04-41F1-8FEC-1DAC58B0EE8A}.Release|Any CPU.Build.0 = Release|Any CPU
	EndGlobalSection
	GlobalSection(SolutionProperties) = preSolution
		HideSolutionNode = FALSE
	EndGlobalSection
	GlobalSection(ExtensibilityGlobals) = postSolution
		SolutionGuid = {015AC71A-0F9A-424D-B431-F470C8D43D88}
	EndGlobalSection
EndGlobal
